
Microsoft Visual Studio Solution File, Format Version 12.00
# Visual Studio Version 16
VisualStudioVersion = 16.0.32002.261
MinimumVisualStudioVersion = 10.0.40219.1
Project("{FAE04EC0-301F-11D3-BF4B-00C04F79EFBC}") = "Collider", "Collider\Collider.csproj", "{0A919FB4-E5AC-47EB-A5AB-63C105B43FEC}"
EndProject
Global
	GlobalSection(SolutionConfigurationPlatforms) = preSolution
		Debug|Any CPU = Debug|Any CPU
		Release|Any CPU = Release|Any CPU
	EndGlobalSection
	GlobalSection(ProjectConfigurationPlatforms) = postSolution
		{0A919FB4-E5AC-47EB-A5AB-63C105B43FEC}.Debug|Any CPU.ActiveCfg = Debug|Any CPU
		{0A919FB4-E5AC-47EB-A5AB-63C105B43FEC}.Debug|Any CPU.Build.0 = Debug|Any CPU
		{0A919FB4-E5AC-47EB-A5AB-63C105B43FEC}.Release|Any CPU.ActiveCfg = Release|Any CPU
		{0A919FB4-E5AC-47EB-A5AB-63C105B43FEC}.Release|Any CPU.Build.0 = Release|Any CPU
	EndGlobalSection
	GlobalSection(SolutionProperties) = preSolution
		HideSolutionNode = FALSE
	EndGlobalSection
	GlobalSection(ExtensibilityGlobals) = postSolution
		SolutionGuid = {04DC8B30-869C-43C8-B04F-F4C17BCD20AA}
	EndGlobalSection
EndGlobal
